github.com/go-sql-driver/mysql v1.7.0 h1:ueSltNNllEqE3qcWBTD0iQd3IpL/6U+mJxLkazJ7YPc=
github.com/go-sql-driver/mysql v1.7.0/go.mod h1:OXbVy3sEdcQ2Doequ6Z5BW6fXNQTmx+9S1MCJN5yJMI=
github.com/skowe/masterapp/libs v0.2.3 h1:aP2uSV6HrfIhdqKCFfRZDXvUcQNsjqT9O5GQxLD2RZA=
github.com/skowe/masterapp/libs v0.2.3/go.mod h1:GW277bUgHt846i/TeBTOCRae857O7F1Qavu01JHFGlE=
github.com/skowe/masterapp/models v0.1.1 h1:FemI06utLsi3ANVkOz2eCvOthC3rx6BHZ4s3h4u/Zck=
github.com/skowe/masterapp/models v0.1.1/go.mod h1:R7iO5Ju2CxW3lelW5TH+0ENs3v1xjoJ6sv3KnpC+jvQ=
